// !$*UTF8*$!
{
	archiveVersion = 1;
	classes = {
	};
	objectVersion = 46;
	objects = {

/* Begin PBXBuildFile section */
		AFD564F492A7EF85EB0BD957 /* Pods_GameOfChats.framework in Frameworks */ = {isa = PBXBuildFile; fileRef = E7B4969FBE7DEC8367680A6D /* Pods_GameOfChats.framework */; };
		C9B821A8928468E9BD682889 /* Pods_GameOfChatsTests.framework in Frameworks */ = {isa = PBXBuildFile; fileRef = 51D1C7A4FB2624DF3DF11B95 /* Pods_GameOfChatsTests.framework */; };
		DA3CA6DE406DD5A3496EA7F9 /* Pods_GameOfChatsUITests.framework in Frameworks */ = {isa = PBXBuildFile; fileRef = 3896FF5CE949AA73D3523219 /* Pods_GameOfChatsUITests.framework */; };
		EC30E9B71EAD3253005E2E81 /* AppDelegate.swift in Sources */ = {isa = PBXBuildFile; fileRef = EC30E9B61EAD3253005E2E81 /* AppDelegate.swift */; };
		EC30E9BC1EAD3253005E2E81 /* Main.storyboard in Resources */ = {isa = PBXBuildFile; fileRef = EC30E9BA1EAD3253005E2E81 /* Main.storyboard */; };
		EC30E9BE1EAD3253005E2E81 /* Assets.xcassets in Resources */ = {isa = PBXBuildFile; fileRef = EC30E9BD1EAD3253005E2E81 /* Assets.xcassets */; };
		EC30E9C11EAD3253005E2E81 /* LaunchScreen.storyboard in Resources */ = {isa = PBXBuildFile; fileRef = EC30E9BF1EAD3253005E2E81 /* LaunchScreen.storyboard */; };
		EC30E9CC1EAD3253005E2E81 /* GameOfChatsTests.swift in Sources */ = {isa = PBXBuildFile; fileRef = EC30E9CB1EAD3253005E2E81 /* GameOfChatsTests.swift */; };
		EC30E9D71EAD3253005E2E81 /* GameOfChatsUITests.swift in Sources */ = {isa = PBXBuildFile; fileRef = EC30E9D61EAD3253005E2E81 /* GameOfChatsUITests.swift */; };
		EC30E9E91EAD372E005E2E81 /* LoginViewController.swift in Sources */ = {isa = PBXBuildFile; fileRef = EC30E9E81EAD372E005E2E81 /* LoginViewController.swift */; };
		EC30E9ED1EAD37A4005E2E81 /* UIColor+Extensions.swift in Sources */ = {isa = PBXBuildFile; fileRef = EC30E9EC1EAD37A4005E2E81 /* UIColor+Extensions.swift */; };
		EC30E9F11EAD38E4005E2E81 /* HomeViewController.swift in Sources */ = {isa = PBXBuildFile; fileRef = EC30E9F01EAD38E4005E2E81 /* HomeViewController.swift */; };
		EC741C711EB3645900B5D0B1 /* Constants.swift in Sources */ = {isa = PBXBuildFile; fileRef = EC741C701EB3645900B5D0B1 /* Constants.swift */; };
		EC741C771EB4B6FD00B5D0B1 /* User.swift in Sources */ = {isa = PBXBuildFile; fileRef = EC741C761EB4B6FD00B5D0B1 /* User.swift */; };
		EC741C7B1EB4B79100B5D0B1 /* NewMessageViewController.swift in Sources */ = {isa = PBXBuildFile; fileRef = EC741C7A1EB4B79100B5D0B1 /* NewMessageViewController.swift */; };
		ECBA097E1EB7C56600ACDAF1 /* TitleView.swift in Sources */ = {isa = PBXBuildFile; fileRef = ECBA097D1EB7C56600ACDAF1 /* TitleView.swift */; };
		ECBA09801EB7C58F00ACDAF1 /* UserMessageCell.swift in Sources */ = {isa = PBXBuildFile; fileRef = ECBA097F1EB7C58F00ACDAF1 /* UserMessageCell.swift */; };
		ECBA09821EB7C5FC00ACDAF1 /* Errors.swift in Sources */ = {isa = PBXBuildFile; fileRef = ECBA09811EB7C5FC00ACDAF1 /* Errors.swift */; };
		ECBA09841EB7C62100ACDAF1 /* UserProfile.swift in Sources */ = {isa = PBXBuildFile; fileRef = ECBA09831EB7C62100ACDAF1 /* UserProfile.swift */; };
		ECBA09861EB7C69300ACDAF1 /* ChatMessage.swift in Sources */ = {isa = PBXBuildFile; fileRef = ECBA09851EB7C69300ACDAF1 /* ChatMessage.swift */; };
		ECBA09881EB7C6C000ACDAF1 /* UserCell.swift in Sources */ = {isa = PBXBuildFile; fileRef = ECBA09871EB7C6C000ACDAF1 /* UserCell.swift */; };
		ECDBCCC31EB6288D00B17297 /* UIImageView+Cache.swift in Sources */ = {isa = PBXBuildFile; fileRef = ECDBCCC21EB6288D00B17297 /* UIImageView+Cache.swift */; };
		ECDBCCC51EB7507000B17297 /* ChatLogViewController.swift in Sources */ = {isa = PBXBuildFile; fileRef = ECDBCCC41EB7507000B17297 /* ChatLogViewController.swift */; };
		ECF653A21EB3565800A43E9A /* GoogleService-Info.plist in Resources */ = {isa = PBXBuildFile; fileRef = ECF653A11EB3565800A43E9A /* GoogleService-Info.plist */; };
/* End PBXBuildFile section */

/* Begin PBXContainerItemProxy section */
		EC30E9C81EAD3253005E2E81 /* PBXContainerItemProxy */ = {
			isa = PBXContainerItemProxy;
			containerPortal = EC30E9AB1EAD3253005E2E81 /* Project object */;
			proxyType = 1;
			remoteGlobalIDString = EC30E9B21EAD3253005E2E81;
			remoteInfo = GameOfChats;
		};
		EC30E9D31EAD3253005E2E81 /* PBXContainerItemProxy */ = {
			isa = PBXContainerItemProxy;
			containerPortal = EC30E9AB1EAD3253005E2E81 /* Project object */;
			proxyType = 1;
			remoteGlobalIDString = EC30E9B21EAD3253005E2E81;
			remoteInfo = GameOfChats;
		};
/* End PBXContainerItemProxy section */

/* Begin PBXFileReference section */
		18423DD781C4E04595B48FB9 /* Pods-GameOfChatsTests.debug.xcconfig */ = {isa = PBXFileReference; includeInIndex = 1; lastKnownFileType = text.xcconfig; name = "Pods-GameOfChatsTests.debug.xcconfig"; path = "Pods/Target Support Files/Pods-GameOfChatsTests/Pods-GameOfChatsTests.debug.xcconfig"; sourceTree = "<group>"; };
		19D75CE36E1FD8F8E226C7BF /* Pods-GameOfChatsUITests.debug.xcconfig */ = {isa = PBXFileReference; includeInIndex = 1; lastKnownFileType = text.xcconfig; name = "Pods-GameOfChatsUITests.debug.xcconfig"; path = "Pods/Target Support Files/Pods-GameOfChatsUITests/Pods-GameOfChatsUITests.debug.xcconfig"; sourceTree = "<group>"; };
		3896FF5CE949AA73D3523219 /* Pods_GameOfChatsUITests.framework */ = {isa = PBXFileReference; explicitFileType = wrapper.framework; includeInIndex = 0; path = Pods_GameOfChatsUITests.framework; sourceTree = BUILT_PRODUCTS_DIR; };
		3A891AF711196F567C6E034B /* Pods-GameOfChats.release.xcconfig */ = {isa = PBXFileReference; includeInIndex = 1; lastKnownFileType = text.xcconfig; name = "Pods-GameOfChats.release.xcconfig"; path = "Pods/Target Support Files/Pods-GameOfChats/Pods-GameOfChats.release.xcconfig"; sourceTree = "<group>"; };
		51D1C7A4FB2624DF3DF11B95 /* Pods_GameOfChatsTests.framework */ = {isa = PBXFileReference; explicitFileType = wrapper.framework; includeInIndex = 0; path = Pods_GameOfChatsTests.framework; sourceTree = BUILT_PRODUCTS_DIR; };
		7A670A12F06478CFC75D9211 /* Pods-GameOfChatsUITests.release.xcconfig */ = {isa = PBXFileReference; includeInIndex = 1; lastKnownFileType = text.xcconfig; name = "Pods-GameOfChatsUITests.release.xcconfig"; path = "Pods/Target Support Files/Pods-GameOfChatsUITests/Pods-GameOfChatsUITests.release.xcconfig"; sourceTree = "<group>"; };
		8E89B3B3B06C69917238293A /* Pods-GameOfChats.debug.xcconfig */ = {isa = PBXFileReference; includeInIndex = 1; lastKnownFileType = text.xcconfig; name = "Pods-GameOfChats.debug.xcconfig"; path = "Pods/Target Support Files/Pods-GameOfChats/Pods-GameOfChats.debug.xcconfig"; sourceTree = "<group>"; };
		B8E9A53A9098893A69AAC711 /* Pods-GameOfChatsTests.release.xcconfig */ = {isa = PBXFileReference; includeInIndex = 1; lastKnownFileType = text.xcconfig; name = "Pods-GameOfChatsTests.release.xcconfig"; path = "Pods/Target Support Files/Pods-GameOfChatsTests/Pods-GameOfChatsTests.release.xcconfig"; sourceTree = "<group>"; };
		E7B4969FBE7DEC8367680A6D /* Pods_GameOfChats.framework */ = {isa = PBXFileReference; explicitFileType = wrapper.framework; includeInIndex = 0; path = Pods_GameOfChats.framework; sourceTree = BUILT_PRODUCTS_DIR; };
		EC30E9B31EAD3253005E2E81 /* GameOfChats.app */ = {isa = PBXFileReference; explicitFileType = wrapper.application; includeInIndex = 0; path = GameOfChats.app; sourceTree = BUILT_PRODUCTS_DIR; };
		EC30E9B61EAD3253005E2E81 /* AppDelegate.swift */ = {isa = PBXFileReference; lastKnownFileType = sourcecode.swift; path = AppDelegate.swift; sourceTree = "<group>"; };
		EC30E9BB1EAD3253005E2E81 /* Base */ = {isa = PBXFileReference; lastKnownFileType = file.storyboard; name = Base; path = Base.lproj/Main.storyboard; sourceTree = "<group>"; };
		EC30E9BD1EAD3253005E2E81 /* Assets.xcassets */ = {isa = PBXFileReference; lastKnownFileType = folder.assetcatalog; path = Assets.xcassets; sourceTree = "<group>"; };
		EC30E9C01EAD3253005E2E81 /* Base */ = {isa = PBXFileReference; lastKnownFileType = file.storyboard; name = Base; path = Base.lproj/LaunchScreen.storyboard; sourceTree = "<group>"; };
		EC30E9C21EAD3253005E2E81 /* Info.plist */ = {isa = PBXFileReference; lastKnownFileType = text.plist.xml; path = Info.plist; sourceTree = "<group>"; };
		EC30E9C71EAD3253005E2E81 /* GameOfChatsTests.xctest */ = {isa = PBXFileReference; explicitFileType = wrapper.cfbundle; includeInIndex = 0; path = GameOfChatsTests.xctest; sourceTree = BUILT_PRODUCTS_DIR; };
		EC30E9CB1EAD3253005E2E81 /* GameOfChatsTests.swift */ = {isa = PBXFileReference; lastKnownFileType = sourcecode.swift; path = GameOfChatsTests.swift; sourceTree = "<group>"; };
		EC30E9CD1EAD3253005E2E81 /* Info.plist */ = {isa = PBXFileReference; lastKnownFileType = text.plist.xml; path = Info.plist; sourceTree = "<group>"; };
		EC30E9D21EAD3253005E2E81 /* GameOfChatsUITests.xctest */ = {isa = PBXFileReference; explicitFileType = wrapper.cfbundle; includeInIndex = 0; path = GameOfChatsUITests.xctest; sourceTree = BUILT_PRODUCTS_DIR; };
		EC30E9D61EAD3253005E2E81 /* GameOfChatsUITests.swift */ = {isa = PBXFileReference; lastKnownFileType = sourcecode.swift; path = GameOfChatsUITests.swift; sourceTree = "<group>"; };
		EC30E9D81EAD3253005E2E81 /* Info.plist */ = {isa = PBXFileReference; lastKnownFileType = text.plist.xml; path = Info.plist; sourceTree = "<group>"; };
		EC30E9E81EAD372E005E2E81 /* LoginViewController.swift */ = {isa = PBXFileReference; fileEncoding = 4; lastKnownFileType = sourcecode.swift; path = LoginViewController.swift; sourceTree = "<group>"; };
		EC30E9EC1EAD37A4005E2E81 /* UIColor+Extensions.swift */ = {isa = PBXFileReference; fileEncoding = 4; lastKnownFileType = sourcecode.swift; path = "UIColor+Extensions.swift"; sourceTree = "<group>"; };
		EC30E9F01EAD38E4005E2E81 /* HomeViewController.swift */ = {isa = PBXFileReference; fileEncoding = 4; lastKnownFileType = sourcecode.swift; path = HomeViewController.swift; sourceTree = "<group>"; };
		EC741C701EB3645900B5D0B1 /* Constants.swift */ = {isa = PBXFileReference; fileEncoding = 4; lastKnownFileType = sourcecode.swift; path = Constants.swift; sourceTree = "<group>"; };
		EC741C761EB4B6FD00B5D0B1 /* User.swift */ = {isa = PBXFileReference; fileEncoding = 4; lastKnownFileType = sourcecode.swift; path = User.swift; sourceTree = "<group>"; };
		EC741C7A1EB4B79100B5D0B1 /* NewMessageViewController.swift */ = {isa = PBXFileReference; fileEncoding = 4; lastKnownFileType = sourcecode.swift; path = NewMessageViewController.swift; sourceTree = "<group>"; };
		ECBA097D1EB7C56600ACDAF1 /* TitleView.swift */ = {isa = PBXFileReference; fileEncoding = 4; lastKnownFileType = sourcecode.swift; path = TitleView.swift; sourceTree = "<group>"; };
		ECBA097F1EB7C58F00ACDAF1 /* UserMessageCell.swift */ = {isa = PBXFileReference; fileEncoding = 4; lastKnownFileType = sourcecode.swift; path = UserMessageCell.swift; sourceTree = "<group>"; };
		ECBA09811EB7C5FC00ACDAF1 /* Errors.swift */ = {isa = PBXFileReference; fileEncoding = 4; lastKnownFileType = sourcecode.swift; path = Errors.swift; sourceTree = "<group>"; };
		ECBA09831EB7C62100ACDAF1 /* UserProfile.swift */ = {isa = PBXFileReference; fileEncoding = 4; lastKnownFileType = sourcecode.swift; path = UserProfile.swift; sourceTree = "<group>"; };
		ECBA09851EB7C69300ACDAF1 /* ChatMessage.swift */ = {isa = PBXFileReference; fileEncoding = 4; lastKnownFileType = sourcecode.swift; path = ChatMessage.swift; sourceTree = "<group>"; };
		ECBA09871EB7C6C000ACDAF1 /* UserCell.swift */ = {isa = PBXFileReference; fileEncoding = 4; lastKnownFileType = sourcecode.swift; path = UserCell.swift; sourceTree = "<group>"; };
		ECDBCCBE1EB5F15800B17297 /* GameOfChats-Bridging-Header.h */ = {isa = PBXFileReference; lastKnownFileType = sourcecode.c.h; path = "GameOfChats-Bridging-Header.h"; sourceTree = "<group>"; };
		ECDBCCC21EB6288D00B17297 /* UIImageView+Cache.swift */ = {isa = PBXFileReference; fileEncoding = 4; lastKnownFileType = sourcecode.swift; path = "UIImageView+Cache.swift"; sourceTree = "<group>"; };
		ECDBCCC41EB7507000B17297 /* ChatLogViewController.swift */ = {isa = PBXFileReference; fileEncoding = 4; lastKnownFileType = sourcecode.swift; path = ChatLogViewController.swift; sourceTree = "<group>"; };
		ECF653A11EB3565800A43E9A /* GoogleService-Info.plist */ = {isa = PBXFileReference; fileEncoding = 4; lastKnownFileType = text.plist.xml; path = "GoogleService-Info.plist"; sourceTree = "<group>"; };
/* End PBXFileReference section */

/* Begin PBXFrameworksBuildPhase section */
		EC30E9B01EAD3253005E2E81 /* Frameworks */ = {
			isa = PBXFrameworksBuildPhase;
			buildActionMask = 2147483647;
			files = (
				AFD564F492A7EF85EB0BD957 /* Pods_GameOfChats.framework in Frameworks */,
			);
			runOnlyForDeploymentPostprocessing = 0;
		};
		EC30E9C41EAD3253005E2E81 /* Frameworks */ = {
			isa = PBXFrameworksBuildPhase;
			buildActionMask = 2147483647;
			files = (
				C9B821A8928468E9BD682889 /* Pods_GameOfChatsTests.framework in Frameworks */,
			);
			runOnlyForDeploymentPostprocessing = 0;
		};
		EC30E9CF1EAD3253005E2E81 /* Frameworks */ = {
			isa = PBXFrameworksBuildPhase;
			buildActionMask = 2147483647;
			files = (
				DA3CA6DE406DD5A3496EA7F9 /* Pods_GameOfChatsUITests.framework in Frameworks */,
			);
			runOnlyForDeploymentPostprocessing = 0;
		};
/* End PBXFrameworksBuildPhase section */

/* Begin PBXGroup section */
		33D5420FA571181650A1B187 /* Frameworks */ = {
			isa = PBXGroup;
			children = (
				E7B4969FBE7DEC8367680A6D /* Pods_GameOfChats.framework */,
				51D1C7A4FB2624DF3DF11B95 /* Pods_GameOfChatsTests.framework */,
				3896FF5CE949AA73D3523219 /* Pods_GameOfChatsUITests.framework */,
			);
			name = Frameworks;
			sourceTree = "<group>";
		};
		67FD48B5101D2487AE2D8563 /* Pods */ = {
			isa = PBXGroup;
			children = (
				8E89B3B3B06C69917238293A /* Pods-GameOfChats.debug.xcconfig */,
				3A891AF711196F567C6E034B /* Pods-GameOfChats.release.xcconfig */,
				18423DD781C4E04595B48FB9 /* Pods-GameOfChatsTests.debug.xcconfig */,
				B8E9A53A9098893A69AAC711 /* Pods-GameOfChatsTests.release.xcconfig */,
				19D75CE36E1FD8F8E226C7BF /* Pods-GameOfChatsUITests.debug.xcconfig */,
				7A670A12F06478CFC75D9211 /* Pods-GameOfChatsUITests.release.xcconfig */,
			);
			name = Pods;
			sourceTree = "<group>";
		};
		EC30E9AA1EAD3253005E2E81 = {
			isa = PBXGroup;
			children = (
				EC30E9B51EAD3253005E2E81 /* GameOfChats */,
				EC30E9CA1EAD3253005E2E81 /* GameOfChatsTests */,
				EC30E9D51EAD3253005E2E81 /* GameOfChatsUITests */,
				EC30E9B41EAD3253005E2E81 /* Products */,
				67FD48B5101D2487AE2D8563 /* Pods */,
				33D5420FA571181650A1B187 /* Frameworks */,
			);
			sourceTree = "<group>";
		};
		EC30E9B41EAD3253005E2E81 /* Products */ = {
			isa = PBXGroup;
			children = (
				EC30E9B31EAD3253005E2E81 /* GameOfChats.app */,
				EC30E9C71EAD3253005E2E81 /* GameOfChatsTests.xctest */,
				EC30E9D21EAD3253005E2E81 /* GameOfChatsUITests.xctest */,
			);
			name = Products;
			sourceTree = "<group>";
		};
		EC30E9B51EAD3253005E2E81 /* GameOfChats */ = {
			isa = PBXGroup;
			children = (
				EC741C781EB4B77200B5D0B1 /* New Message */,
				EC30E9EE1EAD38D0005E2E81 /* Home */,
				EC30E9E61EAD3705005E2E81 /* Login */,
				EC30E9EA1EAD3787005E2E81 /* Overalls */,
				EC30E9E51EAD3280005E2E81 /* Storyboards */,
				EC30E9E41EAD3273005E2E81 /* Supporting Files */,
			);
			path = GameOfChats;
			sourceTree = "<group>";
		};
		EC30E9CA1EAD3253005E2E81 /* GameOfChatsTests */ = {
			isa = PBXGroup;
			children = (
				EC30E9CB1EAD3253005E2E81 /* GameOfChatsTests.swift */,
				EC30E9CD1EAD3253005E2E81 /* Info.plist */,
			);
			path = GameOfChatsTests;
			sourceTree = "<group>";
		};
		EC30E9D51EAD3253005E2E81 /* GameOfChatsUITests */ = {
			isa = PBXGroup;
			children = (
				EC30E9D61EAD3253005E2E81 /* GameOfChatsUITests.swift */,
				EC30E9D81EAD3253005E2E81 /* Info.plist */,
			);
			path = GameOfChatsUITests;
			sourceTree = "<group>";
		};
		EC30E9E41EAD3273005E2E81 /* Supporting Files */ = {
			isa = PBXGroup;
			children = (
				EC30E9BD1EAD3253005E2E81 /* Assets.xcassets */,
				EC30E9C21EAD3253005E2E81 /* Info.plist */,
				EC30E9B61EAD3253005E2E81 /* AppDelegate.swift */,
				ECF653A11EB3565800A43E9A /* GoogleService-Info.plist */,
				EC741C701EB3645900B5D0B1 /* Constants.swift */,
				ECDBCCBE1EB5F15800B17297 /* GameOfChats-Bridging-Header.h */,
			);
			name = "Supporting Files";
			sourceTree = "<group>";
		};
		EC30E9E51EAD3280005E2E81 /* Storyboards */ = {
			isa = PBXGroup;
			children = (
				EC30E9BA1EAD3253005E2E81 /* Main.storyboard */,
				EC30E9BF1EAD3253005E2E81 /* LaunchScreen.storyboard */,
			);
			name = Storyboards;
			sourceTree = "<group>";
		};
		EC30E9E61EAD3705005E2E81 /* Login */ = {
			isa = PBXGroup;
			children = (
				EC30E9E71EAD370A005E2E81 /* Views */,
			);
			name = Login;
			sourceTree = "<group>";
		};
		EC30E9E71EAD370A005E2E81 /* Views */ = {
			isa = PBXGroup;
			children = (
				EC30E9E81EAD372E005E2E81 /* LoginViewController.swift */,
			);
			name = Views;
			sourceTree = "<group>";
		};
		EC30E9EA1EAD3787005E2E81 /* Overalls */ = {
			isa = PBXGroup;
			children = (
				ECDBCCC11EB6287300B17297 /* Helpers */,
				EC741C751EB4B6F100B5D0B1 /* Entities */,
				EC30E9EB1EAD3793005E2E81 /* Extensions */,
			);
			name = Overalls;
			sourceTree = "<group>";
		};
		EC30E9EB1EAD3793005E2E81 /* Extensions */ = {
			isa = PBXGroup;
			children = (
				EC30E9EC1EAD37A4005E2E81 /* UIColor+Extensions.swift */,
			);
			name = Extensions;
			sourceTree = "<group>";
		};
		EC30E9EE1EAD38D0005E2E81 /* Home */ = {
			isa = PBXGroup;
			children = (
				EC30E9EF1EAD38D5005E2E81 /* Views */,
			);
			name = Home;
			sourceTree = "<group>";
		};
		EC30E9EF1EAD38D5005E2E81 /* Views */ = {
			isa = PBXGroup;
			children = (
				EC30E9F01EAD38E4005E2E81 /* HomeViewController.swift */,
				ECBA097D1EB7C56600ACDAF1 /* TitleView.swift */,
				ECBA097F1EB7C58F00ACDAF1 /* UserMessageCell.swift */,
			);
			name = Views;
			sourceTree = "<group>";
		};
		EC741C751EB4B6F100B5D0B1 /* Entities */ = {
			isa = PBXGroup;
			children = (
				EC741C761EB4B6FD00B5D0B1 /* User.swift */,
				ECBA09811EB7C5FC00ACDAF1 /* Errors.swift */,
				ECBA09831EB7C62100ACDAF1 /* UserProfile.swift */,
				ECBA09851EB7C69300ACDAF1 /* ChatMessage.swift */,
			);
			name = Entities;
			sourceTree = "<group>";
		};
		EC741C781EB4B77200B5D0B1 /* New Message */ = {
			isa = PBXGroup;
			children = (
				EC741C791EB4B77A00B5D0B1 /* Views */,
			);
			name = "New Message";
			sourceTree = "<group>";
		};
		EC741C791EB4B77A00B5D0B1 /* Views */ = {
			isa = PBXGroup;
			children = (
				EC741C7A1EB4B79100B5D0B1 /* NewMessageViewController.swift */,
				ECDBCCC41EB7507000B17297 /* ChatLogViewController.swift */,
				ECBA09871EB7C6C000ACDAF1 /* UserCell.swift */,
			);
			name = Views;
			sourceTree = "<group>";
		};
		ECDBCCC11EB6287300B17297 /* Helpers */ = {
			isa = PBXGroup;
			children = (
				ECDBCCC21EB6288D00B17297 /* UIImageView+Cache.swift */,
			);
			name = Helpers;
			sourceTree = "<group>";
		};
/* End PBXGroup section */

/* Begin PBXNativeTarget section */
		EC30E9B21EAD3253005E2E81 /* GameOfChats */ = {
			isa = PBXNativeTarget;
			buildConfigurationList = EC30E9DB1EAD3253005E2E81 /* Build configuration list for PBXNativeTarget "GameOfChats" */;
			buildPhases = (
				8FBC7B83EB5FD973D7612770 /* [CP] Check Pods Manifest.lock */,
				EC30E9AF1EAD3253005E2E81 /* Sources */,
				EC30E9B01EAD3253005E2E81 /* Frameworks */,
				EC30E9B11EAD3253005E2E81 /* Resources */,
				8981777B05D5B7F776587D1C /* [CP] Embed Pods Frameworks */,
				2D89C093FAA2137FF36E894C /* [CP] Copy Pods Resources */,
			);
			buildRules = (
			);
			dependencies = (
			);
			name = GameOfChats;
			productName = GameOfChats;
			productReference = EC30E9B31EAD3253005E2E81 /* GameOfChats.app */;
			productType = "com.apple.product-type.application";
		};
		EC30E9C61EAD3253005E2E81 /* GameOfChatsTests */ = {
			isa = PBXNativeTarget;
			buildConfigurationList = EC30E9DE1EAD3253005E2E81 /* Build configuration list for PBXNativeTarget "GameOfChatsTests" */;
			buildPhases = (
				3B3B6F1C0A6A5CD511B90883 /* [CP] Check Pods Manifest.lock */,
				EC30E9C31EAD3253005E2E81 /* Sources */,
				EC30E9C41EAD3253005E2E81 /* Frameworks */,
				EC30E9C51EAD3253005E2E81 /* Resources */,
				EC37471FA9FFB667BF2077C0 /* [CP] Embed Pods Frameworks */,
				7FF8A72684E8FACBED6B05F5 /* [CP] Copy Pods Resources */,
			);
			buildRules = (
			);
			dependencies = (
				EC30E9C91EAD3253005E2E81 /* PBXTargetDependency */,
			);
			name = GameOfChatsTests;
			productName = GameOfChatsTests;
			productReference = EC30E9C71EAD3253005E2E81 /* GameOfChatsTests.xctest */;
			productType = "com.apple.product-type.bundle.unit-test";
		};
		EC30E9D11EAD3253005E2E81 /* GameOfChatsUITests */ = {
			isa = PBXNativeTarget;
			buildConfigurationList = EC30E9E11EAD3253005E2E81 /* Build configuration list for PBXNativeTarget "GameOfChatsUITests" */;
			buildPhases = (
				E67F9A6C776EF47E7D9874B2 /* [CP] Check Pods Manifest.lock */,
				EC30E9CE1EAD3253005E2E81 /* Sources */,
				EC30E9CF1EAD3253005E2E81 /* Frameworks */,
				EC30E9D01EAD3253005E2E81 /* Resources */,
				65FA5C4D06933E8A17BEDA52 /* [CP] Embed Pods Frameworks */,
				4127E63A7E9DCB9F6C5E9932 /* [CP] Copy Pods Resources */,
			);
			buildRules = (
			);
			dependencies = (
				EC30E9D41EAD3253005E2E81 /* PBXTargetDependency */,
			);
			name = GameOfChatsUITests;
			productName = GameOfChatsUITests;
			productReference = EC30E9D21EAD3253005E2E81 /* GameOfChatsUITests.xctest */;
			productType = "com.apple.product-type.bundle.ui-testing";
		};
/* End PBXNativeTarget section */

/* Begin PBXProject section */
		EC30E9AB1EAD3253005E2E81 /* Project object */ = {
			isa = PBXProject;
			attributes = {
				LastSwiftUpdateCheck = 0830;
				LastUpgradeCheck = 0830;
				ORGANIZATIONNAME = "John Raymund Catahay";
				TargetAttributes = {
					EC30E9B21EAD3253005E2E81 = {
						CreatedOnToolsVersion = 8.3;
						DevelopmentTeam = 3XNDNC2DEH;
						LastSwiftMigration = 0830;
						ProvisioningStyle = Automatic;
					};
					EC30E9C61EAD3253005E2E81 = {
						CreatedOnToolsVersion = 8.3;
						DevelopmentTeam = 3XNDNC2DEH;
						ProvisioningStyle = Automatic;
						TestTargetID = EC30E9B21EAD3253005E2E81;
					};
					EC30E9D11EAD3253005E2E81 = {
						CreatedOnToolsVersion = 8.3;
						DevelopmentTeam = 3XNDNC2DEH;
						ProvisioningStyle = Automatic;
						TestTargetID = EC30E9B21EAD3253005E2E81;
					};
				};
			};
			buildConfigurationList = EC30E9AE1EAD3253005E2E81 /* Build configuration list for PBXProject "GameOfChats" */;
			compatibilityVersion = "Xcode 3.2";
			developmentRegion = English;
			hasScannedForEncodings = 0;
			knownRegions = (
				en,
				Base,
			);
			mainGroup = EC30E9AA1EAD3253005E2E81;
			productRefGroup = EC30E9B41EAD3253005E2E81 /* Products */;
			projectDirPath = "";
			projectRoot = "";
			targets = (
				EC30E9B21EAD3253005E2E81 /* GameOfChats */,
				EC30E9C61EAD3253005E2E81 /* GameOfChatsTests */,
				EC30E9D11EAD3253005E2E81 /* GameOfChatsUITests */,
			);
		};
/* End PBXProject section */

/* Begin PBXResourcesBuildPhase section */
		EC30E9B11EAD3253005E2E81 /* Resources */ = {
			isa = PBXResourcesBuildPhase;
			buildActionMask = 2147483647;
			files = (
				EC30E9C11EAD3253005E2E81 /* LaunchScreen.storyboard in Resources */,
				EC30E9BE1EAD3253005E2E81 /* Assets.xcassets in Resources */,
				EC30E9BC1EAD3253005E2E81 /* Main.storyboard in Resources */,
				ECF653A21EB3565800A43E9A /* GoogleService-Info.plist in Resources */,
			);
			runOnlyForDeploymentPostprocessing = 0;
		};
		EC30E9C51EAD3253005E2E81 /* Resources */ = {
			isa = PBXResourcesBuildPhase;
			buildActionMask = 2147483647;
			files = (
			);
			runOnlyForDeploymentPostprocessing = 0;
		};
		EC30E9D01EAD3253005E2E81 /* Resources */ = {
			isa = PBXResourcesBuildPhase;
			buildActionMask = 2147483647;
			files = (
			);
			runOnlyForDeploymentPostprocessing = 0;
		};
/* End PBXResourcesBuildPhase section */

/* Begin PBXShellScriptBuildPhase section */
		2D89C093FAA2137FF36E894C /* [CP] Copy Pods Resources */ = {
			isa = PBXShellScriptBuildPhase;
			buildActionMask = 2147483647;
			files = (
			);
			inputPaths = (
			);
			name = "[CP] Copy Pods Resources";
			outputPaths = (
			);
			runOnlyForDeploymentPostprocessing = 0;
			shellPath = /bin/sh;
			shellScript = "\"${SRCROOT}/Pods/Target Support Files/Pods-GameOfChats/Pods-GameOfChats-resources.sh\"\n";
			showEnvVarsInLog = 0;
		};
		3B3B6F1C0A6A5CD511B90883 /* [CP] Check Pods Manifest.lock */ = {
			isa = PBXShellScriptBuildPhase;
			buildActionMask = 2147483647;
			files = (
			);
			inputPaths = (
			);
			name = "[CP] Check Pods Manifest.lock";
			outputPaths = (
			);
			runOnlyForDeploymentPostprocessing = 0;
			shellPath = /bin/sh;
			shellScript = "diff \"${PODS_ROOT}/../Podfile.lock\" \"${PODS_ROOT}/Manifest.lock\" > /dev/null\nif [ $? != 0 ] ; then\n    # print error to STDERR\n    echo \"error: The sandbox is not in sync with the Podfile.lock. Run 'pod install' or update your CocoaPods installation.\" >&2\n    exit 1\nfi\n";
			showEnvVarsInLog = 0;
		};
		4127E63A7E9DCB9F6C5E9932 /* [CP] Copy Pods Resources */ = {
			isa = PBXShellScriptBuildPhase;
			buildActionMask = 2147483647;
			files = (
			);
			inputPaths = (
			);
			name = "[CP] Copy Pods Resources";
			outputPaths = (
			);
			runOnlyForDeploymentPostprocessing = 0;
			shellPath = /bin/sh;
			shellScript = "\"${SRCROOT}/Pods/Target Support Files/Pods-GameOfChatsUITests/Pods-GameOfChatsUITests-resources.sh\"\n";
			showEnvVarsInLog = 0;
		};
		65FA5C4D06933E8A17BEDA52 /* [CP] Embed Pods Frameworks */ = {
			isa = PBXShellScriptBuildPhase;
			buildActionMask = 2147483647;
			files = (
			);
			inputPaths = (
			);
			name = "[CP] Embed Pods Frameworks";
			outputPaths = (
			);
			runOnlyForDeploymentPostprocessing = 0;
			shellPath = /bin/sh;
			shellScript = "\"${SRCROOT}/Pods/Target Support Files/Pods-GameOfChatsUITests/Pods-GameOfChatsUITests-frameworks.sh\"\n";
			showEnvVarsInLog = 0;
		};
		7FF8A72684E8FACBED6B05F5 /* [CP] Copy Pods Resources */ = {
			isa = PBXShellScriptBuildPhase;
			buildActionMask = 2147483647;
			files = (
			);
			inputPaths = (
			);
			name = "[CP] Copy Pods Resources";
			outputPaths = (
			);
			runOnlyForDeploymentPostprocessing = 0;
			shellPath = /bin/sh;
			shellScript = "\"${SRCROOT}/Pods/Target Support Files/Pods-GameOfChatsTests/Pods-GameOfChatsTests-resources.sh\"\n";
			showEnvVarsInLog = 0;
		};
		8981777B05D5B7F776587D1C /* [CP] Embed Pods Frameworks */ = {
			isa = PBXShellScriptBuildPhase;
			buildActionMask = 2147483647;
			files = (
			);
			inputPaths = (
			);
			name = "[CP] Embed Pods Frameworks";
			outputPaths = (
			);
			runOnlyForDeploymentPostprocessing = 0;
			shellPath = /bin/sh;
			shellScript = "\"${SRCROOT}/Pods/Target Support Files/Pods-GameOfChats/Pods-GameOfChats-frameworks.sh\"\n";
			showEnvVarsInLog = 0;
		};
		8FBC7B83EB5FD973D7612770 /* [CP] Check Pods Manifest.lock */ = {
			isa = PBXShellScriptBuildPhase;
			buildActionMask = 2147483647;
			files = (
			);
			inputPaths = (
			);
			name = "[CP] Check Pods Manifest.lock";
			outputPaths = (
			);
			runOnlyForDeploymentPostprocessing = 0;
			shellPath = /bin/sh;
			shellScript = "diff \"${PODS_ROOT}/../Podfile.lock\" \"${PODS_ROOT}/Manifest.lock\" > /dev/null\nif [ $? != 0 ] ; then\n    # print error to STDERR\n    echo \"error: The sandbox is not in sync with the Podfile.lock. Run 'pod install' or update your CocoaPods installation.\" >&2\n    exit 1\nfi\n";
			showEnvVarsInLog = 0;
		};
		E67F9A6C776EF47E7D9874B2 /* [CP] Check Pods Manifest.lock */ = {
			isa = PBXShellScriptBuildPhase;
			buildActionMask = 2147483647;
			files = (
			);
			inputPaths = (
			);
			name = "[CP] Check Pods Manifest.lock";
			outputPaths = (
			);
			runOnlyForDeploymentPostprocessing = 0;
			shellPath = /bin/sh;
			shellScript = "diff \"${PODS_ROOT}/../Podfile.lock\" \"${PODS_ROOT}/Manifest.lock\" > /dev/null\nif [ $? != 0 ] ; then\n    # print error to STDERR\n    echo \"error: The sandbox is not in sync with the Podfile.lock. Run 'pod install' or update your CocoaPods installation.\" >&2\n    exit 1\nfi\n";
			showEnvVarsInLog = 0;
		};
		EC37471FA9FFB667BF2077C0 /* [CP] Embed Pods Frameworks */ = {
			isa = PBXShellScriptBuildPhase;
			buildActionMask = 2147483647;
			files = (
			);
			inputPaths = (
			);
			name = "[CP] Embed Pods Frameworks";
			outputPaths = (
			);
			runOnlyForDeploymentPostprocessing = 0;
			shellPath = /bin/sh;
			shellScript = "\"${SRCROOT}/Pods/Target Support Files/Pods-GameOfChatsTests/Pods-GameOfChatsTests-frameworks.sh\"\n";
			showEnvVarsInLog = 0;
		};
/* End PBXShellScriptBuildPhase section */

/* Begin PBXSourcesBuildPhase section */
		EC30E9AF1EAD3253005E2E81 /* Sources */ = {
			isa = PBXSourcesBuildPhase;
			buildActionMask = 2147483647;
			files = (
				ECBA09801EB7C58F00ACDAF1 /* UserMessageCell.swift in Sources */,
				EC741C711EB3645900B5D0B1 /* Constants.swift in Sources */,
				EC30E9F11EAD38E4005E2E81 /* HomeViewController.swift in Sources */,
				EC30E9E91EAD372E005E2E81 /* LoginViewController.swift in Sources */,
				ECBA09821EB7C5FC00ACDAF1 /* Errors.swift in Sources */,
				EC30E9ED1EAD37A4005E2E81 /* UIColor+Extensions.swift in Sources */,
				ECDBCCC51EB7507000B17297 /* ChatLogViewController.swift in Sources */,
				ECBA09861EB7C69300ACDAF1 /* ChatMessage.swift in Sources */,
				ECBA09881EB7C6C000ACDAF1 /* UserCell.swift in Sources */,
				EC30E9B71EAD3253005E2E81 /* AppDelegate.swift in Sources */,
				EC741C771EB4B6FD00B5D0B1 /* User.swift in Sources */,
				ECBA097E1EB7C56600ACDAF1 /* TitleView.swift in Sources */,
				EC741C7B1EB4B79100B5D0B1 /* NewMessageViewController.swift in Sources */,
				ECDBCCC31EB6288D00B17297 /* UIImageView+Cache.swift in Sources */,
				ECBA09841EB7C62100ACDAF1 /* UserProfile.swift in Sources */,
			);
			runOnlyForDeploymentPostprocessing = 0;
		};
		EC30E9C31EAD3253005E2E81 /* Sources */ = {
			isa = PBXSourcesBuildPhase;
			buildActionMask = 2147483647;
			files = (
				EC30E9CC1EAD3253005E2E81 /* GameOfChatsTests.swift in Sources */,
			);
			runOnlyForDeploymentPostprocessing = 0;
		};
		EC30E9CE1EAD3253005E2E81 /* Sources */ = {
			isa = PBXSourcesBuildPhase;
			buildActionMask = 2147483647;
			files = (
				EC30E9D71EAD3253005E2E81 /* GameOfChatsUITests.swift in Sources */,
			);
			runOnlyForDeploymentPostprocessing = 0;
		};
/* End PBXSourcesBuildPhase section */

/* Begin PBXTargetDependency section */
		EC30E9C91EAD3253005E2E81 /* PBXTargetDependency */ = {
			isa = PBXTargetDependency;
			target = EC30E9B21EAD3253005E2E81 /* GameOfChats */;
			targetProxy = EC30E9C81EAD3253005E2E81 /* PBXContainerItemProxy */;
		};
		EC30E9D41EAD3253005E2E81 /* PBXTargetDependency */ = {
			isa = PBXTargetDependency;
			target = EC30E9B21EAD3253005E2E81 /* GameOfChats */;
			targetProxy = EC30E9D31EAD3253005E2E81 /* PBXContainerItemProxy */;
		};
/* End PBXTargetDependency section */

/* Begin PBXVariantGroup section */
		EC30E9BA1EAD3253005E2E81 /* Main.storyboard */ = {
			isa = PBXVariantGroup;
			children = (
				EC30E9BB1EAD3253005E2E81 /* Base */,
			);
			name = Main.storyboard;
			sourceTree = "<group>";
		};
		EC30E9BF1EAD3253005E2E81 /* LaunchScreen.storyboard */ = {
			isa = PBXVariantGroup;
			children = (
				EC30E9C01EAD3253005E2E81 /* Base */,
			);
			name = LaunchScreen.storyboard;
			sourceTree = "<group>";
		};
/* End PBXVariantGroup section */

/* Begin XCBuildConfiguration section */
		EC30E9D91EAD3253005E2E81 /* Debug */ = {
			isa = XCBuildConfiguration;
			buildSettings = {
				ALWAYS_SEARCH_USER_PATHS = NO;
				CLANG_ANALYZER_NONNULL = YES;
				CLANG_ANALYZER_NUMBER_OBJECT_CONVERSION = YES_AGGRESSIVE;
				CLANG_CXX_LANGUAGE_STANDARD = "gnu++0x";
				CLANG_CXX_LIBRARY = "libc++";
				CLANG_ENABLE_MODULES = YES;
				CLANG_ENABLE_OBJC_ARC = YES;
				CLANG_WARN_BOOL_CONVERSION = YES;
				CLANG_WARN_CONSTANT_CONVERSION = YES;
				CLANG_WARN_DIRECT_OBJC_ISA_USAGE = YES_ERROR;
				CLANG_WARN_DOCUMENTATION_COMMENTS = YES;
				CLANG_WARN_EMPTY_BODY = YES;
				CLANG_WARN_ENUM_CONVERSION = YES;
				CLANG_WARN_INFINITE_RECURSION = YES;
				CLANG_WARN_INT_CONVERSION = YES;
				CLANG_WARN_OBJC_ROOT_CLASS = YES_ERROR;
				CLANG_WARN_SUSPICIOUS_MOVE = YES;
				CLANG_WARN_UNREACHABLE_CODE = YES;
				CLANG_WARN__DUPLICATE_METHOD_MATCH = YES;
				"CODE_SIGN_IDENTITY[sdk=iphoneos*]" = "iPhone Developer";
				COPY_PHASE_STRIP = NO;
				DEBUG_INFORMATION_FORMAT = dwarf;
				ENABLE_STRICT_OBJC_MSGSEND = YES;
				ENABLE_TESTABILITY = YES;
				GCC_C_LANGUAGE_STANDARD = gnu99;
				GCC_DYNAMIC_NO_PIC = NO;
				GCC_NO_COMMON_BLOCKS = YES;
				GCC_OPTIMIZATION_LEVEL = 0;
				GCC_PREPROCESSOR_DEFINITIONS = (
					"DEBUG=1",
					"$(inherited)",
				);
				GCC_WARN_64_TO_32_BIT_CONVERSION = YES;
				GCC_WARN_ABOUT_RETURN_TYPE = YES_ERROR;
				GCC_WARN_UNDECLARED_SELECTOR = YES;
				GCC_WARN_UNINITIALIZED_AUTOS = YES_AGGRESSIVE;
				GCC_WARN_UNUSED_FUNCTION = YES;
				GCC_WARN_UNUSED_VARIABLE = YES;
				IPHONEOS_DEPLOYMENT_TARGET = 10.3;
				MTL_ENABLE_DEBUG_INFO = YES;
				ONLY_ACTIVE_ARCH = YES;
				SDKROOT = iphoneos;
				SWIFT_ACTIVE_COMPILATION_CONDITIONS = DEBUG;
				SWIFT_OPTIMIZATION_LEVEL = "-Onone";
				TARGETED_DEVICE_FAMILY = "1,2";
			};
			name = Debug;
		};
		EC30E9DA1EAD3253005E2E81 /* Release */ = {
			isa = XCBuildConfiguration;
			buildSettings = {
				ALWAYS_SEARCH_USER_PATHS = NO;
				CLANG_ANALYZER_NONNULL = YES;
				CLANG_ANALYZER_NUMBER_OBJECT_CONVERSION = YES_AGGRESSIVE;
				CLANG_CXX_LANGUAGE_STANDARD = "gnu++0x";
				CLANG_CXX_LIBRARY = "libc++";
				CLANG_ENABLE_MODULES = YES;
				CLANG_ENABLE_OBJC_ARC = YES;
				CLANG_WARN_BOOL_CONVERSION = YES;
				CLANG_WARN_CONSTANT_CONVERSION = YES;
				CLANG_WARN_DIRECT_OBJC_ISA_USAGE = YES_ERROR;
				CLANG_WARN_DOCUMENTATION_COMMENTS = YES;
				CLANG_WARN_EMPTY_BODY = YES;
				CLANG_WARN_ENUM_CONVERSION = YES;
				CLANG_WARN_INFINITE_RECURSION = YES;
				CLANG_WARN_INT_CONVERSION = YES;
				CLANG_WARN_OBJC_ROOT_CLASS = YES_ERROR;
				CLANG_WARN_SUSPICIOUS_MOVE = YES;
				CLANG_WARN_UNREACHABLE_CODE = YES;
				CLANG_WARN__DUPLICATE_METHOD_MATCH = YES;
				"CODE_SIGN_IDENTITY[sdk=iphoneos*]" = "iPhone Developer";
				COPY_PHASE_STRIP = NO;
				DEBUG_INFORMATION_FORMAT = "dwarf-with-dsym";
				ENABLE_NS_ASSERTIONS = NO;
				ENABLE_STRICT_OBJC_MSGSEND = YES;
				GCC_C_LANGUAGE_STANDARD = gnu99;
				GCC_NO_COMMON_BLOCKS = YES;
				GCC_WARN_64_TO_32_BIT_CONVERSION = YES;
				GCC_WARN_ABOUT_RETURN_TYPE = YES_ERROR;
				GCC_WARN_UNDECLARED_SELECTOR = YES;
				GCC_WARN_UNINITIALIZED_AUTOS = YES_AGGRESSIVE;
				GCC_WARN_UNUSED_FUNCTION = YES;
				GCC_WARN_UNUSED_VARIABLE = YES;
				IPHONEOS_DEPLOYMENT_TARGET = 10.3;
				MTL_ENABLE_DEBUG_INFO = NO;
				SDKROOT = iphoneos;
				SWIFT_OPTIMIZATION_LEVEL = "-Owholemodule";
				TARGETED_DEVICE_FAMILY = "1,2";
				VALIDATE_PRODUCT = YES;
			};
			name = Release;
		};
		EC30E9DC1EAD3253005E2E81 /* Debug */ = {
			isa = XCBuildConfiguration;
			baseConfigurationReference = 8E89B3B3B06C69917238293A /* Pods-GameOfChats.debug.xcconfig */;
			buildSettings = {
				ASSETCATALOG_COMPILER_APPICON_NAME = AppIcon;
				CLANG_ENABLE_MODULES = YES;
				DEVELOPMENT_TEAM = 3XNDNC2DEH;
				INFOPLIST_FILE = GameOfChats/Info.plist;
				LD_RUNPATH_SEARCH_PATHS = "$(inherited) @executable_path/Frameworks";
				PRODUCT_BUNDLE_IDENTIFIER = com.raycat.itunes.GameOfChats;
				PRODUCT_NAME = "$(TARGET_NAME)";
				SWIFT_OBJC_BRIDGING_HEADER = "GameOfChats/GameOfChats-Bridging-Header.h";
				SWIFT_OPTIMIZATION_LEVEL = "-Onone";
				SWIFT_VERSION = 3.0;
			};
			name = Debug;
		};
		EC30E9DD1EAD3253005E2E81 /* Release */ = {
			isa = XCBuildConfiguration;
			baseConfigurationReference = 3A891AF711196F567C6E034B /* Pods-GameOfChats.release.xcconfig */;
			buildSettings = {
				ASSETCATALOG_COMPILER_APPICON_NAME = AppIcon;
				CLANG_ENABLE_MODULES = YES;
				DEVELOPMENT_TEAM = 3XNDNC2DEH;
				INFOPLIST_FILE = GameOfChats/Info.plist;
				LD_RUNPATH_SEARCH_PATHS = "$(inherited) @executable_path/Frameworks";
				PRODUCT_BUNDLE_IDENTIFIER = com.raycat.itunes.GameOfChats;
				PRODUCT_NAME = "$(TARGET_NAME)";
				SWIFT_OBJC_BRIDGING_HEADER = "GameOfChats/GameOfChats-Bridging-Header.h";
				SWIFT_VERSION = 3.0;
			};
			name = Release;
		};
		EC30E9DF1EAD3253005E2E81 /* Debug */ = {
			isa = XCBuildConfiguration;
			baseConfigurationReference = 18423DD781C4E04595B48FB9 /* Pods-GameOfChatsTests.debug.xcconfig */;
			buildSettings = {
				ALWAYS_EMBED_SWIFT_STANDARD_LIBRARIES = YES;
				BUNDLE_LOADER = "$(TEST_HOST)";
				DEVELOPMENT_TEAM = 3XNDNC2DEH;
				INFOPLIST_FILE = GameOfChatsTests/Info.plist;
				LD_RUNPATH_SEARCH_PATHS = "$(inherited) @executable_path/Frameworks @loader_path/Frameworks";
				PRODUCT_BUNDLE_IDENTIFIER = com.raycat.itunes.GameOfChatsTests;
				PRODUCT_NAME = "$(TARGET_NAME)";
				SWIFT_VERSION = 3.0;
				TEST_HOST = "$(BUILT_PRODUCTS_DIR)/GameOfChats.app/GameOfChats";
			};
			name = Debug;
		};
		EC30E9E01EAD3253005E2E81 /* Release */ = {
			isa = XCBuildConfiguration;
			baseConfigurationReference = B8E9A53A9098893A69AAC711 /* Pods-GameOfChatsTests.release.xcconfig */;
			buildSettings = {
				ALWAYS_EMBED_SWIFT_STANDARD_LIBRARIES = YES;
				BUNDLE_LOADER = "$(TEST_HOST)";
				DEVELOPMENT_TEAM = 3XNDNC2DEH;
				INFOPLIST_FILE = GameOfChatsTests/Info.plist;
				LD_RUNPATH_SEARCH_PATHS = "$(inherited) @executable_path/Frameworks @loader_path/Frameworks";
				PRODUCT_BUNDLE_IDENTIFIER = com.raycat.itunes.GameOfChatsTests;
				PRODUCT_NAME = "$(TARGET_NAME)";
				SWIFT_VERSION = 3.0;
				TEST_HOST = "$(BUILT_PRODUCTS_DIR)/GameOfChats.app/GameOfChats";
			};
			name = Release;
		};
		EC30E9E21EAD3253005E2E81 /* Debug */ = {
			isa = XCBuildConfiguration;
			baseConfigurationReference = 19D75CE36E1FD8F8E226C7BF /* Pods-GameOfChatsUITests.debug.xcconfig */;
			buildSettings = {
				ALWAYS_EMBED_SWIFT_STANDARD_LIBRARIES = YES;
				DEVELOPMENT_TEAM = 3XNDNC2DEH;
				INFOPLIST_FILE = GameOfChatsUITests/Info.plist;
				LD_RUNPATH_SEARCH_PATHS = "$(inherited) @executable_path/Frameworks @loader_path/Frameworks";
				PRODUCT_BUNDLE_IDENTIFIER = com.raycat.itunes.GameOfChatsUITests;
				PRODUCT_NAME = "$(TARGET_NAME)";
				SWIFT_VERSION = 3.0;
				TEST_TARGET_NAME = GameOfChats;
			};
			name = Debug;
		};
		EC30E9E31EAD3253005E2E81 /* Release */ = {
			isa = XCBuildConfiguration;
			baseConfigurationReference = 7A670A12F06478CFC75D9211 /* Pods-GameOfChatsUITests.release.xcconfig */;
			buildSettings = {
				ALWAYS_EMBED_SWIFT_STANDARD_LIBRARIES = YES;
				DEVELOPMENT_TEAM = 3XNDNC2DEH;
				INFOPLIST_FILE = GameOfChatsUITests/Info.plist;
				LD_RUNPATH_SEARCH_PATHS = "$(inherited) @executable_path/Frameworks @loader_path/Frameworks";
				PRODUCT_BUNDLE_IDENTIFIER = com.raycat.itunes.GameOfChatsUITests;
				PRODUCT_NAME = "$(TARGET_NAME)";
				SWIFT_VERSION = 3.0;
				TEST_TARGET_NAME = GameOfChats;
			};
			name = Release;
		};
/* End XCBuildConfiguration section */

/* Begin XCConfigurationList section */
		EC30E9AE1EAD3253005E2E81 /* Build configuration list for PBXProject "GameOfChats" */ = {
			isa = XCConfigurationList;
			buildConfigurations = (
				EC30E9D91EAD3253005E2E81 /* Debug */,
				EC30E9DA1EAD3253005E2E81 /* Release */,
			);
			defaultConfigurationIsVisible = 0;
			defaultConfigurationName = Release;
		};
		EC30E9DB1EAD3253005E2E81 /* Build configuration list for PBXNativeTarget "GameOfChats" */ = {
			isa = XCConfigurationList;
			buildConfigurations = (
				EC30E9DC1EAD3253005E2E81 /* Debug */,
				EC30E9DD1EAD3253005E2E81 /* Release */,
			);
			defaultConfigurationIsVisible = 0;
			defaultConfigurationName = Release;
		};
		EC30E9DE1EAD3253005E2E81 /* Build configuration list for PBXNativeTarget "GameOfChatsTests" */ = {
			isa = XCConfigurationList;
			buildConfigurations = (
				EC30E9DF1EAD3253005E2E81 /* Debug */,
				EC30E9E01EAD3253005E2E81 /* Release */,
			);
			defaultConfigurationIsVisible = 0;
			defaultConfigurationName = Release;
		};
		EC30E9E11EAD3253005E2E81 /* Build configuration list for PBXNativeTarget "GameOfChatsUITests" */ = {
			isa = XCConfigurationList;
			buildConfigurations = (
				EC30E9E21EAD3253005E2E81 /* Debug */,
				EC30E9E31EAD3253005E2E81 /* Release */,
			);
			defaultConfigurationIsVisible = 0;
			defaultConfigurationName = Release;
		};
/* End XCConfigurationList section */
	};
	rootObject = EC30E9AB1EAD3253005E2E81 /* Project object */;
}
